
Microsoft Visual Studio Solution File, Format Version 12.00
# Visual Studio Version 16
VisualStudioVersion = 16.0.29509.3
MinimumVisualStudioVersion = 10.0.40219.1
Project("{FAE04EC0-301F-11D3-BF4B-00C04F79EFBC}") = "Resources", "Resources\Resources.csproj", "{932F0080-E478-4601-80D6-23A316C98BB3}"
EndProject
Project("{FAE04EC0-301F-11D3-BF4B-00C04F79EFBC}") = "PetsWeb", "PetsWeb\PetsWeb.csproj", "{D148283E-639C-4970-89D1-A91CA419A97A}"
EndProject
Global
	GlobalSection(SolutionConfigurationPlatforms) = preSolution
		Debug|Any CPU = Debug|Any CPU
		Release|Any CPU = Release|Any CPU
	EndGlobalSection
	GlobalSection(ProjectConfigurationPlatforms) = postSolution
		{932F0080-E478-4601-80D6-23A316C98BB3}.Debug|Any CPU.ActiveCfg = Debug|Any CPU
		{932F0080-E478-4601-80D6-23A316C98BB3}.Debug|Any CPU.Build.0 = Debug|Any CPU
		{932F0080-E478-4601-80D6-23A316C98BB3}.Release|Any CPU.ActiveCfg = Release|Any CPU
		{932F0080-E478-4601-80D6-23A316C98BB3}.Release|Any CPU.Build.0 = Release|Any CPU
		{D148283E-639C-4970-89D1-A91CA419A97A}.Debug|Any CPU.ActiveCfg = Debug|Any CPU
		{D148283E-639C-4970-89D1-A91CA419A97A}.Debug|Any CPU.Build.0 = Debug|Any CPU
		{D148283E-639C-4970-89D1-A91CA419A97A}.Release|Any CPU.ActiveCfg = Release|Any CPU
		{D148283E-639C-4970-89D1-A91CA419A97A}.Release|Any CPU.Build.0 = Release|Any CPU
	EndGlobalSection
	GlobalSection(SolutionProperties) = preSolution
		HideSolutionNode = FALSE
	EndGlobalSection
	GlobalSection(ExtensibilityGlobals) = postSolution
		SolutionGuid = {E326DBBF-3B21-44F5-BB54-BA221381F5DF}
	EndGlobalSection
EndGlobal
